// !$*UTF8*$!
{
	archiveVersion = 1;
	classes = {
	};
	objectVersion = 77;
	objects = {

/* Begin PBXBuildFile section */
		D759F7CC2F27AD7D008933DC /* XcodeKit.framework in Frameworks */ = {isa = PBXBuildFile; fileRef = D79A09AB2F279B4E0075ADAB /* XcodeKit.framework */; };
		D759F7CD2F27AD7D008933DC /* XcodeKit.framework in Embed Frameworks */ = {isa = PBXBuildFile; fileRef = D79A09AB2F279B4E0075ADAB /* XcodeKit.framework */; settings = {ATTRIBUTES = (CodeSignOnCopy, RemoveHeadersOnCopy, ); }; };
		D79A09AA2F279B4E0075ADAB /* Cocoa.framework in Frameworks */ = {isa = PBXBuildFile; fileRef = D79A09A92F279B4E0075ADAB /* Cocoa.framework */; };
		D79A09B52F279B4E0075ADAB /* xcCompactUUID.appex in Embed Foundation Extensions */ = {isa = PBXBuildFile; fileRef = D79A09A72F279B4E0075ADAB /* xcCompactUUID.appex */; settings = {ATTRIBUTES = (RemoveHeadersOnCopy, ); }; };
		D79A09BD2F279B6E0075ADAB /* CompactUUID in Frameworks */ = {isa = PBXBuildFile; productRef = D79A09BC2F279B6E0075ADAB /* CompactUUID */; };
/* End PBXBuildFile section */

/* Begin PBXContainerItemProxy section */
		D79A09B32F279B4E0075ADAB /* PBXContainerItemProxy */ = {
			isa = PBXContainerItemProxy;
			containerPortal = D79A098D2F279B230075ADAB /* Project object */;
			proxyType = 1;
			remoteGlobalIDString = D79A09A62F279B4E0075ADAB;
			remoteInfo = xcCompactUUID;
		};
/* End PBXContainerItemProxy section */

/* Begin PBXCopyFilesBuildPhase section */
		D759F7CE2F27AD7D008933DC /* Embed Frameworks */ = {
			isa = PBXCopyFilesBuildPhase;
			buildActionMask = 2147483647;
			dstPath = "";
			dstSubfolderSpec = 10;
			files = (
				D759F7CD2F27AD7D008933DC /* XcodeKit.framework in Embed Frameworks */,
			);
			name = "Embed Frameworks";
			runOnlyForDeploymentPostprocessing = 0;
		};
		D79A09BA2F279B4E0075ADAB /* Embed Foundation Extensions */ = {
			isa = PBXCopyFilesBuildPhase;
			buildActionMask = 2147483647;
			dstPath = "";
			dstSubfolderSpec = 13;
			files = (
				D79A09B52F279B4E0075ADAB /* xcCompactUUID.appex in Embed Foundation Extensions */,
			);
			name = "Embed Foundation Extensions";
			runOnlyForDeploymentPostprocessing = 0;
		};
/* End PBXCopyFilesBuildPhase section */

/* Begin PBXFileReference section */
		D79A09952F279B230075ADAB /* xcHostApp.app */ = {isa = PBXFileReference; explicitFileType = wrapper.application; includeInIndex = 0; path = xcHostApp.app; sourceTree = BUILT_PRODUCTS_DIR; };
		D79A09A72F279B4E0075ADAB /* xcCompactUUID.appex */ = {isa = PBXFileReference; explicitFileType = "wrapper.app-extension"; includeInIndex = 0; path = xcCompactUUID.appex; sourceTree = BUILT_PRODUCTS_DIR; };
		D79A09A92F279B4E0075ADAB /* Cocoa.framework */ = {isa = PBXFileReference; lastKnownFileType = wrapper.framework; name = Cocoa.framework; path = System/Library/Frameworks/Cocoa.framework; sourceTree = SDKROOT; };
		D79A09AB2F279B4E0075ADAB /* XcodeKit.framework */ = {isa = PBXFileReference; lastKnownFileType = wrapper.framework; name = XcodeKit.framework; path = Library/Frameworks/XcodeKit.framework; sourceTree = DEVELOPER_DIR; };
/* End PBXFileReference section */

/* Begin PBXFileSystemSynchronizedBuildFileExceptionSet section */
		D79A09B62F279B4E0075ADAB /* Exceptions for "xcCompactUUID" folder in "xcCompactUUID" target */ = {
			isa = PBXFileSystemSynchronizedBuildFileExceptionSet;
			membershipExceptions = (
				Info.plist,
			);
			target = D79A09A62F279B4E0075ADAB /* xcCompactUUID */;
		};
/* End PBXFileSystemSynchronizedBuildFileExceptionSet section */

/* Begin PBXFileSystemSynchronizedRootGroup section */
		D79A09972F279B230075ADAB /* xcHostApp */ = {
			isa = PBXFileSystemSynchronizedRootGroup;
			path = xcHostApp;
			sourceTree = "<group>";
		};
		D79A09AD2F279B4E0075ADAB /* xcCompactUUID */ = {
			isa = PBXFileSystemSynchronizedRootGroup;
			exceptions = (
				D79A09B62F279B4E0075ADAB /* Exceptions for "xcCompactUUID" folder in "xcCompactUUID" target */,
			);
			path = xcCompactUUID;
			sourceTree = "<group>";
		};
/* End PBXFileSystemSynchronizedRootGroup section */

/* Begin PBXFrameworksBuildPhase section */
		D79A09922F279B230075ADAB /* Frameworks */ = {
			isa = PBXFrameworksBuildPhase;
			buildActionMask = 2147483647;
			files = (
			);
			runOnlyForDeploymentPostprocessing = 0;
		};
		D79A09A42F279B4E0075ADAB /* Frameworks */ = {
			isa = PBXFrameworksBuildPhase;
			buildActionMask = 2147483647;
			files = (
				D759F7CC2F27AD7D008933DC /* XcodeKit.framework in Frameworks */,
				D79A09BD2F279B6E0075ADAB /* CompactUUID in Frameworks */,
				D79A09AA2F279B4E0075ADAB /* Cocoa.framework in Frameworks */,
			);
			runOnlyForDeploymentPostprocessing = 0;
		};
/* End PBXFrameworksBuildPhase section */

/* Begin PBXGroup section */
		D79A098C2F279B230075ADAB = {
			isa = PBXGroup;
			children = (
				D79A09972F279B230075ADAB /* xcHostApp */,
				D79A09AD2F279B4E0075ADAB /* xcCompactUUID */,
				D79A09A82F279B4E0075ADAB /* Frameworks */,
				D79A09962F279B230075ADAB /* Products */,
			);
			sourceTree = "<group>";
		};
		D79A09962F279B230075ADAB /* Products */ = {
			isa = PBXGroup;
			children = (
				D79A09952F279B230075ADAB /* xcHostApp.app */,
				D79A09A72F279B4E0075ADAB /* xcCompactUUID.appex */,
			);
			name = Products;
			sourceTree = "<group>";
		};
		D79A09A82F279B4E0075ADAB /* Frameworks */ = {
			isa = PBXGroup;
			children = (
				D79A09A92F279B4E0075ADAB /* Cocoa.framework */,
				D79A09AB2F279B4E0075ADAB /* XcodeKit.framework */,
			);
			name = Frameworks;
			sourceTree = "<group>";
		};
/* End PBXGroup section */

/* Begin PBXNativeTarget section */
		D79A09942F279B230075ADAB /* xcHostApp */ = {
			isa = PBXNativeTarget;
			buildConfigurationList = D79A09A02F279B240075ADAB /* Build configuration list for PBXNativeTarget "xcHostApp" */;
			buildPhases = (
				D79A09912F279B230075ADAB /* Sources */,
				D79A09922F279B230075ADAB /* Frameworks */,
				D79A09932F279B230075ADAB /* Resources */,
				D79A09BA2F279B4E0075ADAB /* Embed Foundation Extensions */,
			);
			buildRules = (
			);
			dependencies = (
				D79A09B42F279B4E0075ADAB /* PBXTargetDependency */,
			);
			fileSystemSynchronizedGroups = (
				D79A09972F279B230075ADAB /* xcHostApp */,
			);
			name = xcHostApp;
			packageProductDependencies = (
			);
			productName = xcHostApp;
			productReference = D79A09952F279B230075ADAB /* xcHostApp.app */;
			productType = "com.apple.product-type.application";
		};
		D79A09A62F279B4E0075ADAB /* xcCompactUUID */ = {
			isa = PBXNativeTarget;
			buildConfigurationList = D79A09B72F279B4E0075ADAB /* Build configuration list for PBXNativeTarget "xcCompactUUID" */;
			buildPhases = (
				D79A09A32F279B4E0075ADAB /* Sources */,
				D79A09A42F279B4E0075ADAB /* Frameworks */,
				D79A09A52F279B4E0075ADAB /* Resources */,
				D759F7CE2F27AD7D008933DC /* Embed Frameworks */,
			);
			buildRules = (
			);
			dependencies = (
			);
			fileSystemSynchronizedGroups = (
				D79A09AD2F279B4E0075ADAB /* xcCompactUUID */,
			);
			name = xcCompactUUID;
			packageProductDependencies = (
				D79A09BC2F279B6E0075ADAB /* CompactUUID */,
			);
			productName = xcCompactUUID;
			productReference = D79A09A72F279B4E0075ADAB /* xcCompactUUID.appex */;
			productType = "com.apple.product-type.xcode-extension";
		};
/* End PBXNativeTarget section */

/* Begin PBXProject section */
		D79A098D2F279B230075ADAB /* Project object */ = {
			isa = PBXProject;
			attributes = {
				BuildIndependentTargetsInParallel = 1;
				LastSwiftUpdateCheck = 2620;
				LastUpgradeCheck = 2620;
				TargetAttributes = {
					D79A09942F279B230075ADAB = {
						CreatedOnToolsVersion = 26.2;
					};
					D79A09A62F279B4E0075ADAB = {
						CreatedOnToolsVersion = 26.2;
					};
				};
			};
			buildConfigurationList = D79A09902F279B230075ADAB /* Build configuration list for PBXProject "xcHostApp" */;
			developmentRegion = en;
			hasScannedForEncodings = 0;
			knownRegions = (
				en,
				Base,
			);
			mainGroup = D79A098C2F279B230075ADAB;
			minimizedProjectReferenceProxies = 1;
			packageReferences = (
				D79A09BB2F279B6E0075ADAB /* XCRemoteSwiftPackageReference "CompactUUID" */,
			);
			preferredProjectObjectVersion = 77;
			productRefGroup = D79A09962F279B230075ADAB /* Products */;
			projectDirPath = "";
			projectRoot = "";
			targets = (
				D79A09942F279B230075ADAB /* xcHostApp */,
				D79A09A62F279B4E0075ADAB /* xcCompactUUID */,
			);
		};
/* End PBXProject section */

/* Begin PBXResourcesBuildPhase section */
		D79A09932F279B230075ADAB /* Resources */ = {
			isa = PBXResourcesBuildPhase;
			buildActionMask = 2147483647;
			files = (
			);
			runOnlyForDeploymentPostprocessing = 0;
		};
		D79A09A52F279B4E0075ADAB /* Resources */ = {
			isa = PBXResourcesBuildPhase;
			buildActionMask = 2147483647;
			files = (
			);
			runOnlyForDeploymentPostprocessing = 0;
		};
/* End PBXResourcesBuildPhase section */

/* Begin PBXSourcesBuildPhase section */
		D79A09912F279B230075ADAB /* Sources */ = {
			isa = PBXSourcesBuildPhase;
			buildActionMask = 2147483647;
			files = (
			);
			runOnlyForDeploymentPostprocessing = 0;
		};
		D79A09A32F279B4E0075ADAB /* Sources */ = {
			isa = PBXSourcesBuildPhase;
			buildActionMask = 2147483647;
			files = (
			);
			runOnlyForDeploymentPostprocessing = 0;
		};
/* End PBXSourcesBuildPhase section */

/* Begin PBXTargetDependency section */
		D79A09B42F279B4E0075ADAB /* PBXTargetDependency */ = {
			isa = PBXTargetDependency;
			target = D79A09A62F279B4E0075ADAB /* xcCompactUUID */;
			targetProxy = D79A09B32F279B4E0075ADAB /* PBXContainerItemProxy */;
		};
/* End PBXTargetDependency section */

/* Begin XCBuildConfiguration section */
		D79A099E2F279B240075ADAB /* Debug */ = {
			isa = XCBuildConfiguration;
			buildSettings = {
				ALWAYS_SEARCH_USER_PATHS = NO;
				ASSETCATALOG_COMPILER_GENERATE_SWIFT_ASSET_SYMBOL_EXTENSIONS = YES;
				CLANG_ANALYZER_NONNULL = YES;
				CLANG_ANALYZER_NUMBER_OBJECT_CONVERSION = YES_AGGRESSIVE;
				CLANG_CXX_LANGUAGE_STANDARD = "gnu++20";
				CLANG_ENABLE_MODULES = YES;
				CLANG_ENABLE_OBJC_ARC = YES;
				CLANG_ENABLE_OBJC_WEAK = YES;
				CLANG_WARN_BLOCK_CAPTURE_AUTORELEASING = YES;
				CLANG_WARN_BOOL_CONVERSION = YES;
				CLANG_WARN_COMMA = YES;
				CLANG_WARN_CONSTANT_CONVERSION = YES;
				CLANG_WARN_DEPRECATED_OBJC_IMPLEMENTATIONS = YES;
				CLANG_WARN_DIRECT_OBJC_ISA_USAGE = YES_ERROR;
				CLANG_WARN_DOCUMENTATION_COMMENTS = YES;
				CLANG_WARN_EMPTY_BODY = YES;
				CLANG_WARN_ENUM_CONVERSION = YES;
				CLANG_WARN_INFINITE_RECURSION = YES;
				CLANG_WARN_INT_CONVERSION = YES;
				CLANG_WARN_NON_LITERAL_NULL_CONVERSION = YES;
				CLANG_WARN_OBJC_IMPLICIT_RETAIN_SELF = YES;
				CLANG_WARN_OBJC_LITERAL_CONVERSION = YES;
				CLANG_WARN_OBJC_ROOT_CLASS = YES_ERROR;
				CLANG_WARN_QUOTED_INCLUDE_IN_FRAMEWORK_HEADER = YES;
				CLANG_WARN_RANGE_LOOP_ANALYSIS = YES;
				CLANG_WARN_STRICT_PROTOTYPES = YES;
				CLANG_WARN_SUSPICIOUS_MOVE = YES;
				CLANG_WARN_UNGUARDED_AVAILABILITY = YES_AGGRESSIVE;
				CLANG_WARN_UNREACHABLE_CODE = YES;
				CLANG_WARN__DUPLICATE_METHOD_MATCH = YES;
				COPY_PHASE_STRIP = NO;
				DEBUG_INFORMATION_FORMAT = dwarf;
				DEVELOPMENT_TEAM = ELQJZ96486;
				ENABLE_STRICT_OBJC_MSGSEND = YES;
				ENABLE_TESTABILITY = YES;
				ENABLE_USER_SCRIPT_SANDBOXING = YES;
				GCC_C_LANGUAGE_STANDARD = gnu17;
				GCC_DYNAMIC_NO_PIC = NO;
				GCC_NO_COMMON_BLOCKS = YES;
				GCC_OPTIMIZATION_LEVEL = 0;
				GCC_PREPROCESSOR_DEFINITIONS = (
					"DEBUG=1",
					"$(inherited)",
				);
				GCC_WARN_64_TO_32_BIT_CONVERSION = YES;
				GCC_WARN_ABOUT_RETURN_TYPE = YES_ERROR;
				GCC_WARN_UNDECLARED_SELECTOR = YES;
				GCC_WARN_UNINITIALIZED_AUTOS = YES_AGGRESSIVE;
				GCC_WARN_UNUSED_FUNCTION = YES;
				GCC_WARN_UNUSED_VARIABLE = YES;
				LOCALIZATION_PREFERS_STRING_CATALOGS = YES;
				MACOSX_DEPLOYMENT_TARGET = 26.2;
				MTL_ENABLE_DEBUG_INFO = INCLUDE_SOURCE;
				MTL_FAST_MATH = YES;
				ONLY_ACTIVE_ARCH = YES;
				SDKROOT = macosx;
				SWIFT_ACTIVE_COMPILATION_CONDITIONS = "DEBUG $(inherited)";
				SWIFT_OPTIMIZATION_LEVEL = "-Onone";
			};
			name = Debug;
		};
		D79A099F2F279B240075ADAB /* Release */ = {
			isa = XCBuildConfiguration;
			buildSettings = {
				ALWAYS_SEARCH_USER_PATHS = NO;
				ASSETCATALOG_COMPILER_GENERATE_SWIFT_ASSET_SYMBOL_EXTENSIONS = YES;
				CLANG_ANALYZER_NONNULL = YES;
				CLANG_ANALYZER_NUMBER_OBJECT_CONVERSION = YES_AGGRESSIVE;
				CLANG_CXX_LANGUAGE_STANDARD = "gnu++20";
				CLANG_ENABLE_MODULES = YES;
				CLANG_ENABLE_OBJC_ARC = YES;
				CLANG_ENABLE_OBJC_WEAK = YES;
				CLANG_WARN_BLOCK_CAPTURE_AUTORELEASING = YES;
				CLANG_WARN_BOOL_CONVERSION = YES;
				CLANG_WARN_COMMA = YES;
				CLANG_WARN_CONSTANT_CONVERSION = YES;
				CLANG_WARN_DEPRECATED_OBJC_IMPLEMENTATIONS = YES;
				CLANG_WARN_DIRECT_OBJC_ISA_USAGE = YES_ERROR;
				CLANG_WARN_DOCUMENTATION_COMMENTS = YES;
				CLANG_WARN_EMPTY_BODY = YES;
				CLANG_WARN_ENUM_CONVERSION = YES;
				CLANG_WARN_INFINITE_RECURSION = YES;
				CLANG_WARN_INT_CONVERSION = YES;
				CLANG_WARN_NON_LITERAL_NULL_CONVERSION = YES;
				CLANG_WARN_OBJC_IMPLICIT_RETAIN_SELF = YES;
				CLANG_WARN_OBJC_LITERAL_CONVERSION = YES;
				CLANG_WARN_OBJC_ROOT_CLASS = YES_ERROR;
				CLANG_WARN_QUOTED_INCLUDE_IN_FRAMEWORK_HEADER = YES;
				CLANG_WARN_RANGE_LOOP_ANALYSIS = YES;
				CLANG_WARN_STRICT_PROTOTYPES = YES;
				CLANG_WARN_SUSPICIOUS_MOVE = YES;
				CLANG_WARN_UNGUARDED_AVAILABILITY = YES_AGGRESSIVE;
				CLANG_WARN_UNREACHABLE_CODE = YES;
				CLANG_WARN__DUPLICATE_METHOD_MATCH = YES;
				COPY_PHASE_STRIP = NO;
				DEBUG_INFORMATION_FORMAT = "dwarf-with-dsym";
				DEVELOPMENT_TEAM = ELQJZ96486;
				ENABLE_NS_ASSERTIONS = NO;
				ENABLE_STRICT_OBJC_MSGSEND = YES;
				ENABLE_USER_SCRIPT_SANDBOXING = YES;
				GCC_C_LANGUAGE_STANDARD = gnu17;
				GCC_NO_COMMON_BLOCKS = YES;
				GCC_WARN_64_TO_32_BIT_CONVERSION = YES;
				GCC_WARN_ABOUT_RETURN_TYPE = YES_ERROR;
				GCC_WARN_UNDECLARED_SELECTOR = YES;
				GCC_WARN_UNINITIALIZED_AUTOS = YES_AGGRESSIVE;
				GCC_WARN_UNUSED_FUNCTION = YES;
				GCC_WARN_UNUSED_VARIABLE = YES;
				LOCALIZATION_PREFERS_STRING_CATALOGS = YES;
				MACOSX_DEPLOYMENT_TARGET = 26.2;
				MTL_ENABLE_DEBUG_INFO = NO;
				MTL_FAST_MATH = YES;
				SDKROOT = macosx;
				SWIFT_COMPILATION_MODE = wholemodule;
			};
			name = Release;
		};
		D79A09A12F279B240075ADAB /* Debug */ = {
			isa = XCBuildConfiguration;
			buildSettings = {
				ASSETCATALOG_COMPILER_APPICON_NAME = AppIcon;
				ASSETCATALOG_COMPILER_GLOBAL_ACCENT_COLOR_NAME = AccentColor;
				CODE_SIGN_ENTITLEMENTS = xcHostApp/xcHostApp.entitlements;
				CODE_SIGN_STYLE = Automatic;
				COMBINE_HIDPI_IMAGES = YES;
				CURRENT_PROJECT_VERSION = 1;
				DEVELOPMENT_TEAM = ELQJZ96486;
				ENABLE_APP_SANDBOX = YES;
				ENABLE_HARDENED_RUNTIME = YES;
				ENABLE_PREVIEWS = YES;
				ENABLE_USER_SELECTED_FILES = readonly;
				GENERATE_INFOPLIST_FILE = YES;
				INFOPLIST_KEY_NSHumanReadableCopyright = "";
				LD_RUNPATH_SEARCH_PATHS = (
					"$(inherited)",
					"@executable_path/../Frameworks",
				);
				MARKETING_VERSION = 1.0;
				PRODUCT_BUNDLE_IDENTIFIER = com.davidcvasquez.xcHostApp;
				PRODUCT_NAME = "$(TARGET_NAME)";
				REGISTER_APP_GROUPS = YES;
				STRING_CATALOG_GENERATE_SYMBOLS = YES;
				SWIFT_APPROACHABLE_CONCURRENCY = YES;
				SWIFT_DEFAULT_ACTOR_ISOLATION = MainActor;
				SWIFT_EMIT_LOC_STRINGS = YES;
				SWIFT_UPCOMING_FEATURE_MEMBER_IMPORT_VISIBILITY = YES;
				SWIFT_VERSION = 5.0;
			};
			name = Debug;
		};
		D79A09A22F279B240075ADAB /* Release */ = {
			isa = XCBuildConfiguration;
			buildSettings = {
				ASSETCATALOG_COMPILER_APPICON_NAME = AppIcon;
				ASSETCATALOG_COMPILER_GLOBAL_ACCENT_COLOR_NAME = AccentColor;
				CODE_SIGN_ENTITLEMENTS = xcHostApp/xcHostApp.entitlements;
				CODE_SIGN_STYLE = Automatic;
				COMBINE_HIDPI_IMAGES = YES;
				CURRENT_PROJECT_VERSION = 1;
				DEVELOPMENT_TEAM = ELQJZ96486;
				ENABLE_APP_SANDBOX = YES;
				ENABLE_HARDENED_RUNTIME = YES;
				ENABLE_PREVIEWS = YES;
				ENABLE_USER_SELECTED_FILES = readonly;
				GENERATE_INFOPLIST_FILE = YES;
				INFOPLIST_KEY_NSHumanReadableCopyright = "";
				LD_RUNPATH_SEARCH_PATHS = (
					"$(inherited)",
					"@executable_path/../Frameworks",
				);
				MARKETING_VERSION = 1.0;
				PRODUCT_BUNDLE_IDENTIFIER = com.davidcvasquez.xcHostApp;
				PRODUCT_NAME = "$(TARGET_NAME)";
				REGISTER_APP_GROUPS = YES;
				STRING_CATALOG_GENERATE_SYMBOLS = YES;
				SWIFT_APPROACHABLE_CONCURRENCY = YES;
				SWIFT_DEFAULT_ACTOR_ISOLATION = MainActor;
				SWIFT_EMIT_LOC_STRINGS = YES;
				SWIFT_UPCOMING_FEATURE_MEMBER_IMPORT_VISIBILITY = YES;
				SWIFT_VERSION = 5.0;
			};
			name = Release;
		};
		D79A09B82F279B4E0075ADAB /* Debug */ = {
			isa = XCBuildConfiguration;
			buildSettings = {
				AUTOMATION_APPLE_EVENTS = NO;
				CODE_SIGN_ENTITLEMENTS = xcCompactUUID/xcCompactUUID.entitlements;
				CODE_SIGN_STYLE = Automatic;
				COMBINE_HIDPI_IMAGES = YES;
				CURRENT_PROJECT_VERSION = 1;
				DEVELOPMENT_TEAM = ELQJZ96486;
				ENABLE_APP_SANDBOX = YES;
				ENABLE_HARDENED_RUNTIME = NO;
				ENABLE_RESOURCE_ACCESS_AUDIO_INPUT = NO;
				ENABLE_RESOURCE_ACCESS_CALENDARS = NO;
				ENABLE_RESOURCE_ACCESS_CAMERA = NO;
				ENABLE_RESOURCE_ACCESS_CONTACTS = NO;
				ENABLE_RESOURCE_ACCESS_LOCATION = NO;
				ENABLE_RESOURCE_ACCESS_PHOTO_LIBRARY = NO;
				GENERATE_INFOPLIST_FILE = YES;
				INFOPLIST_FILE = xcCompactUUID/Info.plist;
				INFOPLIST_KEY_CFBundleDisplayName = xcCompactUUID;
				INFOPLIST_KEY_NSHumanReadableCopyright = "";
				LD_RUNPATH_SEARCH_PATHS = (
					"$(inherited)",
					"@executable_path/../Frameworks",
					"@executable_path/../../../../Frameworks",
				);
				MARKETING_VERSION = 1.0;
				PRODUCT_BUNDLE_IDENTIFIER = com.davidcvasquez.xcHostApp.xcCompactUUID;
				PRODUCT_NAME = "$(TARGET_NAME)";
				REGISTER_APP_GROUPS = YES;
				RUNTIME_EXCEPTION_ALLOW_DYLD_ENVIRONMENT_VARIABLES = NO;
				RUNTIME_EXCEPTION_ALLOW_JIT = NO;
				RUNTIME_EXCEPTION_ALLOW_UNSIGNED_EXECUTABLE_MEMORY = NO;
				RUNTIME_EXCEPTION_DEBUGGING_TOOL = NO;
				RUNTIME_EXCEPTION_DISABLE_EXECUTABLE_PAGE_PROTECTION = NO;
				RUNTIME_EXCEPTION_DISABLE_LIBRARY_VALIDATION = NO;
				SKIP_INSTALL = YES;
				STRING_CATALOG_GENERATE_SYMBOLS = YES;
				SWIFT_APPROACHABLE_CONCURRENCY = YES;
				SWIFT_EMIT_LOC_STRINGS = YES;
				SWIFT_UPCOMING_FEATURE_MEMBER_IMPORT_VISIBILITY = YES;
				SWIFT_VERSION = 5.0;
			};
			name = Debug;
		};
		D79A09B92F279B4E0075ADAB /* Release */ = {
			isa = XCBuildConfiguration;
			buildSettings = {
				AUTOMATION_APPLE_EVENTS = NO;
				CODE_SIGN_ENTITLEMENTS = xcCompactUUID/xcCompactUUID.entitlements;
				CODE_SIGN_STYLE = Automatic;
				COMBINE_HIDPI_IMAGES = YES;
				CURRENT_PROJECT_VERSION = 1;
				DEVELOPMENT_TEAM = ELQJZ96486;
				ENABLE_APP_SANDBOX = YES;
				ENABLE_HARDENED_RUNTIME = NO;
				ENABLE_RESOURCE_ACCESS_AUDIO_INPUT = NO;
				ENABLE_RESOURCE_ACCESS_CALENDARS = NO;
				ENABLE_RESOURCE_ACCESS_CAMERA = NO;
				ENABLE_RESOURCE_ACCESS_CONTACTS = NO;
				ENABLE_RESOURCE_ACCESS_LOCATION = NO;
				ENABLE_RESOURCE_ACCESS_PHOTO_LIBRARY = NO;
				GENERATE_INFOPLIST_FILE = YES;
				INFOPLIST_FILE = xcCompactUUID/Info.plist;
				INFOPLIST_KEY_CFBundleDisplayName = xcCompactUUID;
				INFOPLIST_KEY_NSHumanReadableCopyright = "";
				LD_RUNPATH_SEARCH_PATHS = (
					"$(inherited)",
					"@executable_path/../Frameworks",
					"@executable_path/../../../../Frameworks",
				);
				MARKETING_VERSION = 1.0;
				PRODUCT_BUNDLE_IDENTIFIER = com.davidcvasquez.xcHostApp.xcCompactUUID;
				PRODUCT_NAME = "$(TARGET_NAME)";
				REGISTER_APP_GROUPS = YES;
				RUNTIME_EXCEPTION_ALLOW_DYLD_ENVIRONMENT_VARIABLES = NO;
				RUNTIME_EXCEPTION_ALLOW_JIT = NO;
				RUNTIME_EXCEPTION_ALLOW_UNSIGNED_EXECUTABLE_MEMORY = NO;
				RUNTIME_EXCEPTION_DEBUGGING_TOOL = NO;
				RUNTIME_EXCEPTION_DISABLE_EXECUTABLE_PAGE_PROTECTION = NO;
				RUNTIME_EXCEPTION_DISABLE_LIBRARY_VALIDATION = NO;
				SKIP_INSTALL = YES;
				STRING_CATALOG_GENERATE_SYMBOLS = YES;
				SWIFT_APPROACHABLE_CONCURRENCY = YES;
				SWIFT_EMIT_LOC_STRINGS = YES;
				SWIFT_UPCOMING_FEATURE_MEMBER_IMPORT_VISIBILITY = YES;
				SWIFT_VERSION = 5.0;
			};
			name = Release;
		};
/* End XCBuildConfiguration section */

/* Begin XCConfigurationList section */
		D79A09902F279B230075ADAB /* Build configuration list for PBXProject "xcHostApp" */ = {
			isa = XCConfigurationList;
			buildConfigurations = (
				D79A099E2F279B240075ADAB /* Debug */,
				D79A099F2F279B240075ADAB /* Release */,
			);
			defaultConfigurationIsVisible = 0;
			defaultConfigurationName = Release;
		};
		D79A09A02F279B240075ADAB /* Build configuration list for PBXNativeTarget "xcHostApp" */ = {
			isa = XCConfigurationList;
			buildConfigurations = (
				D79A09A12F279B240075ADAB /* Debug */,
				D79A09A22F279B240075ADAB /* Release */,
			);
			defaultConfigurationIsVisible = 0;
			defaultConfigurationName = Release;
		};
		D79A09B72F279B4E0075ADAB /* Build configuration list for PBXNativeTarget "xcCompactUUID" */ = {
			isa = XCConfigurationList;
			buildConfigurations = (
				D79A09B82F279B4E0075ADAB /* Debug */,
				D79A09B92F279B4E0075ADAB /* Release */,
			);
			defaultConfigurationIsVisible = 0;
			defaultConfigurationName = Release;
		};
/* End XCConfigurationList section */

/* Begin XCRemoteSwiftPackageReference section */
		D79A09BB2F279B6E0075ADAB /* XCRemoteSwiftPackageReference "CompactUUID" */ = {
			isa = XCRemoteSwiftPackageReference;
			repositoryURL = "https://github.com/davidcvasquez/CompactUUID.git";
			requirement = {
				kind = upToNextMajorVersion;
				minimumVersion = 1.1.0;
			};
		};
/* End XCRemoteSwiftPackageReference section */

/* Begin XCSwiftPackageProductDependency section */
		D79A09BC2F279B6E0075ADAB /* CompactUUID */ = {
			isa = XCSwiftPackageProductDependency;
			package = D79A09BB2F279B6E0075ADAB /* XCRemoteSwiftPackageReference "CompactUUID" */;
			productName = CompactUUID;
		};
/* End XCSwiftPackageProductDependency section */
	};
	rootObject = D79A098D2F279B230075ADAB /* Project object */;
}
